
Microsoft Visual Studio Solution File, Format Version 12.00
# Visual Studio Version 17
VisualStudioVersion = 17.2.32526.322
MinimumVisualStudioVersion = 10.0.40219.1
Project("{FAE04EC0-301F-11D3-BF4B-00C04F79EFBC}") = "MusicianApp", "MusicianApp\MusicianApp.csproj", "{E1F2FE65-15F7-423D-8354-9BD2928BAE34}"
EndProject
Project("{FAE04EC0-301F-11D3-BF4B-00C04F79EFBC}") = "MusicianAppUI", "MusicianAppUI\MusicianAppUI.csproj", "{64F6ACA3-E86E-41DE-9638-64EFBB087C05}"
EndProject
Global
	GlobalSection(SolutionConfigurationPlatforms) = preSolution
		Debug|Any CPU = Debug|Any CPU
		Release|Any CPU = Release|Any CPU
	EndGlobalSection
	GlobalSection(ProjectConfigurationPlatforms) = postSolution
		{E1F2FE65-15F7-423D-8354-9BD2928BAE34}.Debug|Any CPU.ActiveCfg = Debug|Any CPU
		{E1F2FE65-15F7-423D-8354-9BD2928BAE34}.Debug|Any CPU.Build.0 = Debug|Any CPU
		{E1F2FE65-15F7-423D-8354-9BD2928BAE34}.Release|Any CPU.ActiveCfg = Release|Any CPU
		{E1F2FE65-15F7-423D-8354-9BD2928BAE34}.Release|Any CPU.Build.0 = Release|Any CPU
		{64F6ACA3-E86E-41DE-9638-64EFBB087C05}.Debug|Any CPU.ActiveCfg = Debug|Any CPU
		{64F6ACA3-E86E-41DE-9638-64EFBB087C05}.Debug|Any CPU.Build.0 = Debug|Any CPU
		{64F6ACA3-E86E-41DE-9638-64EFBB087C05}.Release|Any CPU.ActiveCfg = Release|Any CPU
		{64F6ACA3-E86E-41DE-9638-64EFBB087C05}.Release|Any CPU.Build.0 = Release|Any CPU
	EndGlobalSection
	GlobalSection(SolutionProperties) = preSolution
		HideSolutionNode = FALSE
	EndGlobalSection
	GlobalSection(ExtensibilityGlobals) = postSolution
		SolutionGuid = {4649D099-B1E9-4CA5-A578-3AD69B9D443F}
	EndGlobalSection
EndGlobal
